
Microsoft Visual Studio Solution File, Format Version 12.00
# Visual Studio 2013
VisualStudioVersion = 12.0.30501.0
MinimumVisualStudioVersion = 10.0.40219.1
Project("{FAE04EC0-301F-11D3-BF4B-00C04F79EFBC}") = "Linkslap.ConsoleToast", "Linkslap.ConsoleToast\Linkslap.ConsoleToast.csproj", "{851C3FC8-642A-43FC-87AE-8F695614E67D}"
EndProject
Project("{2150E333-8FDC-42A3-9474-1A3956D46DE8}") = ".nuget", ".nuget", "{10E31064-6501-4973-9B0A-8BE6DB5EC0A8}"
	ProjectSection(SolutionItems) = preProject
		.nuget\NuGet.Config = .nuget\NuGet.Config
		.nuget\NuGet.exe = .nuget\NuGet.exe
		.nuget\NuGet.targets = .nuget\NuGet.targets
	EndProjectSection
EndProject
Project("{FAE04EC0-301F-11D3-BF4B-00C04F79EFBC}") = "Linkslap.WP", "Linkslap.WP\Linkslap.WP.csproj", "{F82BD533-396C-4EBE-B17C-50BD5F1513C0}"
EndProject
Project("{FAE04EC0-301F-11D3-BF4B-00C04F79EFBC}") = "Linkslap.WP.BackgroundTask", "Linkslap.WP.BackgroundTask\Linkslap.WP.BackgroundTask.csproj", "{EACF8959-DF3D-4B3A-BC31-A73D18E9EBA5}"
EndProject
Project("{FAE04EC0-301F-11D3-BF4B-00C04F79EFBC}") = "Linkslap.WP.Communication", "Linkslap.WP.Communication\Linkslap.WP.Communication.csproj", "{C3E03EC8-4F18-4A70-8B96-8D9EEC7B6453}"
EndProject
Global
	GlobalSection(SolutionConfigurationPlatforms) = preSolution
		Debug|Any CPU = Debug|Any CPU
		Debug|ARM = Debug|ARM
		Debug|x86 = Debug|x86
		Release|Any CPU = Release|Any CPU
		Release|ARM = Release|ARM
		Release|x86 = Release|x86
	EndGlobalSection
	GlobalSection(ProjectConfigurationPlatforms) = postSolution
		{851C3FC8-642A-43FC-87AE-8F695614E67D}.Debug|Any CPU.ActiveCfg = Debug|Any CPU
		{851C3FC8-642A-43FC-87AE-8F695614E67D}.Debug|Any CPU.Build.0 = Debug|Any CPU
		{851C3FC8-642A-43FC-87AE-8F695614E67D}.Debug|ARM.ActiveCfg = Debug|Any CPU
		{851C3FC8-642A-43FC-87AE-8F695614E67D}.Debug|x86.ActiveCfg = Debug|Any CPU
		{851C3FC8-642A-43FC-87AE-8F695614E67D}.Release|Any CPU.ActiveCfg = Release|Any CPU
		{851C3FC8-642A-43FC-87AE-8F695614E67D}.Release|Any CPU.Build.0 = Release|Any CPU
		{851C3FC8-642A-43FC-87AE-8F695614E67D}.Release|ARM.ActiveCfg = Release|Any CPU
		{851C3FC8-642A-43FC-87AE-8F695614E67D}.Release|x86.ActiveCfg = Release|Any CPU
		{F82BD533-396C-4EBE-B17C-50BD5F1513C0}.Debug|Any CPU.ActiveCfg = Debug|Any CPU
		{F82BD533-396C-4EBE-B17C-50BD5F1513C0}.Debug|Any CPU.Build.0 = Debug|Any CPU
		{F82BD533-396C-4EBE-B17C-50BD5F1513C0}.Debug|Any CPU.Deploy.0 = Debug|Any CPU
		{F82BD533-396C-4EBE-B17C-50BD5F1513C0}.Debug|ARM.ActiveCfg = Debug|ARM
		{F82BD533-396C-4EBE-B17C-50BD5F1513C0}.Debug|ARM.Build.0 = Debug|ARM
		{F82BD533-396C-4EBE-B17C-50BD5F1513C0}.Debug|ARM.Deploy.0 = Debug|ARM
		{F82BD533-396C-4EBE-B17C-50BD5F1513C0}.Debug|x86.ActiveCfg = Debug|x86
		{F82BD533-396C-4EBE-B17C-50BD5F1513C0}.Debug|x86.Build.0 = Debug|x86
		{F82BD533-396C-4EBE-B17C-50BD5F1513C0}.Debug|x86.Deploy.0 = Debug|x86
		{F82BD533-396C-4EBE-B17C-50BD5F1513C0}.Release|Any CPU.ActiveCfg = Release|Any CPU
		{F82BD533-396C-4EBE-B17C-50BD5F1513C0}.Release|Any CPU.Build.0 = Release|Any CPU
		{F82BD533-396C-4EBE-B17C-50BD5F1513C0}.Release|Any CPU.Deploy.0 = Release|Any CPU
		{F82BD533-396C-4EBE-B17C-50BD5F1513C0}.Release|ARM.ActiveCfg = Release|ARM
		{F82BD533-396C-4EBE-B17C-50BD5F1513C0}.Release|ARM.Build.0 = Release|ARM
		{F82BD533-396C-4EBE-B17C-50BD5F1513C0}.Release|ARM.Deploy.0 = Release|ARM
		{F82BD533-396C-4EBE-B17C-50BD5F1513C0}.Release|x86.ActiveCfg = Release|x86
		{F82BD533-396C-4EBE-B17C-50BD5F1513C0}.Release|x86.Build.0 = Release|x86
		{F82BD533-396C-4EBE-B17C-50BD5F1513C0}.Release|x86.Deploy.0 = Release|x86
		{EACF8959-DF3D-4B3A-BC31-A73D18E9EBA5}.Debug|Any CPU.ActiveCfg = Debug|Any CPU
		{EACF8959-DF3D-4B3A-BC31-A73D18E9EBA5}.Debug|Any CPU.Build.0 = Debug|Any CPU
		{EACF8959-DF3D-4B3A-BC31-A73D18E9EBA5}.Debug|ARM.ActiveCfg = Debug|Any CPU
		{EACF8959-DF3D-4B3A-BC31-A73D18E9EBA5}.Debug|x86.ActiveCfg = Debug|Any CPU
		{EACF8959-DF3D-4B3A-BC31-A73D18E9EBA5}.Release|Any CPU.ActiveCfg = Release|Any CPU
		{EACF8959-DF3D-4B3A-BC31-A73D18E9EBA5}.Release|Any CPU.Build.0 = Release|Any CPU
		{EACF8959-DF3D-4B3A-BC31-A73D18E9EBA5}.Release|ARM.ActiveCfg = Release|Any CPU
		{EACF8959-DF3D-4B3A-BC31-A73D18E9EBA5}.Release|x86.ActiveCfg = Release|Any CPU
		{C3E03EC8-4F18-4A70-8B96-8D9EEC7B6453}.Debug|Any CPU.ActiveCfg = Debug|Any CPU
		{C3E03EC8-4F18-4A70-8B96-8D9EEC7B6453}.Debug|Any CPU.Build.0 = Debug|Any CPU
		{C3E03EC8-4F18-4A70-8B96-8D9EEC7B6453}.Debug|ARM.ActiveCfg = Debug|Any CPU
		{C3E03EC8-4F18-4A70-8B96-8D9EEC7B6453}.Debug|x86.ActiveCfg = Debug|Any CPU
		{C3E03EC8-4F18-4A70-8B96-8D9EEC7B6453}.Release|Any CPU.ActiveCfg = Release|Any CPU
		{C3E03EC8-4F18-4A70-8B96-8D9EEC7B6453}.Release|Any CPU.Build.0 = Release|Any CPU
		{C3E03EC8-4F18-4A70-8B96-8D9EEC7B6453}.Release|ARM.ActiveCfg = Release|Any CPU
		{C3E03EC8-4F18-4A70-8B96-8D9EEC7B6453}.Release|x86.ActiveCfg = Release|Any CPU
	EndGlobalSection
	GlobalSection(SolutionProperties) = preSolution
		HideSolutionNode = FALSE
	EndGlobalSection
EndGlobal
